
Microsoft Visual Studio Solution File, Format Version 12.00
# Visual Studio Version 17
VisualStudioVersion = 17.14.36301.6 d17.14
MinimumVisualStudioVersion = 10.0.40219.1
Project("{FAE04EC0-301F-11D3-BF4B-00C04F79EFBC}") = "EmployeesAdminPortal", "EmployeesAdminPortal\EmployeesAdminPortal.csproj", "{067AA00E-88B6-428B-8466-722CD3115839}"
EndProject
Global
	GlobalSection(SolutionConfigurationPlatforms) = preSolution
		Debug|Any CPU = Debug|Any CPU
		Release|Any CPU = Release|Any CPU
	EndGlobalSection
	GlobalSection(ProjectConfigurationPlatforms) = postSolution
		{067AA00E-88B6-428B-8466-722CD3115839}.Debug|Any CPU.ActiveCfg = Debug|Any CPU
		{067AA00E-88B6-428B-8466-722CD3115839}.Debug|Any CPU.Build.0 = Debug|Any CPU
		{067AA00E-88B6-428B-8466-722CD3115839}.Release|Any CPU.ActiveCfg = Release|Any CPU
		{067AA00E-88B6-428B-8466-722CD3115839}.Release|Any CPU.Build.0 = Release|Any CPU
	EndGlobalSection
	GlobalSection(SolutionProperties) = preSolution
		HideSolutionNode = FALSE
	EndGlobalSection
	GlobalSection(ExtensibilityGlobals) = postSolution
		SolutionGuid = {F3257B4E-F3E2-4200-A67A-AE4FED197124}
	EndGlobalSection
EndGlobal
